// !$*UTF8*$!
{
	archiveVersion = 1;
	classes = {
	};
	objectVersion = 55;
	objects = {

/* Begin PBXBuildFile section */
		DC8A047D28A5AEF000D3BB03 /* Challange.swift in Sources */ = {isa = PBXBuildFile; fileRef = DC8A047C28A5AEF000D3BB03 /* Challange.swift */; };
		DCFC6FD128A43CFF00359379 /* Lesson_4App.swift in Sources */ = {isa = PBXBuildFile; fileRef = DCFC6FD028A43CFF00359379 /* Lesson_4App.swift */; };
		DCFC6FD328A43CFF00359379 /* ContentView.swift in Sources */ = {isa = PBXBuildFile; fileRef = DCFC6FD228A43CFF00359379 /* ContentView.swift */; };
		DCFC6FD528A43D0000359379 /* Assets.xcassets in Resources */ = {isa = PBXBuildFile; fileRef = DCFC6FD428A43D0000359379 /* Assets.xcassets */; };
		DCFC6FD828A43D0000359379 /* Preview Assets.xcassets in Resources */ = {isa = PBXBuildFile; fileRef = DCFC6FD728A43D0000359379 /* Preview Assets.xcassets */; };
		DCFC6FE228A43D0000359379 /* Lesson_4Tests.swift in Sources */ = {isa = PBXBuildFile; fileRef = DCFC6FE128A43D0000359379 /* Lesson_4Tests.swift */; };
		DCFC6FEC28A43D0100359379 /* Lesson_4UITests.swift in Sources */ = {isa = PBXBuildFile; fileRef = DCFC6FEB28A43D0100359379 /* Lesson_4UITests.swift */; };
		DCFC6FEE28A43D0100359379 /* Lesson_4UITestsLaunchTests.swift in Sources */ = {isa = PBXBuildFile; fileRef = DCFC6FED28A43D0100359379 /* Lesson_4UITestsLaunchTests.swift */; };
/* End PBXBuildFile section */

/* Begin PBXContainerItemProxy section */
		DCFC6FDE28A43D0000359379 /* PBXContainerItemProxy */ = {
			isa = PBXContainerItemProxy;
			containerPortal = DCFC6FC528A43CFF00359379 /* Project object */;
			proxyType = 1;
			remoteGlobalIDString = DCFC6FCC28A43CFF00359379;
			remoteInfo = "Lesson 4";
		};
		DCFC6FE828A43D0100359379 /* PBXContainerItemProxy */ = {
			isa = PBXContainerItemProxy;
			containerPortal = DCFC6FC528A43CFF00359379 /* Project object */;
			proxyType = 1;
			remoteGlobalIDString = DCFC6FCC28A43CFF00359379;
			remoteInfo = "Lesson 4";
		};
/* End PBXContainerItemProxy section */

/* Begin PBXFileReference section */
		DC8A047C28A5AEF000D3BB03 /* Challange.swift */ = {isa = PBXFileReference; lastKnownFileType = sourcecode.swift; path = Challange.swift; sourceTree = "<group>"; };
		DCFC6FCD28A43CFF00359379 /* Lesson 4.app */ = {isa = PBXFileReference; explicitFileType = wrapper.application; includeInIndex = 0; path = "Lesson 4.app"; sourceTree = BUILT_PRODUCTS_DIR; };
		DCFC6FD028A43CFF00359379 /* Lesson_4App.swift */ = {isa = PBXFileReference; lastKnownFileType = sourcecode.swift; path = Lesson_4App.swift; sourceTree = "<group>"; };
		DCFC6FD228A43CFF00359379 /* ContentView.swift */ = {isa = PBXFileReference; lastKnownFileType = sourcecode.swift; path = ContentView.swift; sourceTree = "<group>"; };
		DCFC6FD428A43D0000359379 /* Assets.xcassets */ = {isa = PBXFileReference; lastKnownFileType = folder.assetcatalog; path = Assets.xcassets; sourceTree = "<group>"; };
		DCFC6FD728A43D0000359379 /* Preview Assets.xcassets */ = {isa = PBXFileReference; lastKnownFileType = folder.assetcatalog; path = "Preview Assets.xcassets"; sourceTree = "<group>"; };
		DCFC6FDD28A43D0000359379 /* Lesson 4Tests.xctest */ = {isa = PBXFileReference; explicitFileType = wrapper.cfbundle; includeInIndex = 0; path = "Lesson 4Tests.xctest"; sourceTree = BUILT_PRODUCTS_DIR; };
		DCFC6FE128A43D0000359379 /* Lesson_4Tests.swift */ = {isa = PBXFileReference; lastKnownFileType = sourcecode.swift; path = Lesson_4Tests.swift; sourceTree = "<group>"; };
		DCFC6FE728A43D0100359379 /* Lesson 4UITests.xctest */ = {isa = PBXFileReference; explicitFileType = wrapper.cfbundle; includeInIndex = 0; path = "Lesson 4UITests.xctest"; sourceTree = BUILT_PRODUCTS_DIR; };
		DCFC6FEB28A43D0100359379 /* Lesson_4UITests.swift */ = {isa = PBXFileReference; lastKnownFileType = sourcecode.swift; path = Lesson_4UITests.swift; sourceTree = "<group>"; };
		DCFC6FED28A43D0100359379 /* Lesson_4UITestsLaunchTests.swift */ = {isa = PBXFileReference; lastKnownFileType = sourcecode.swift; path = Lesson_4UITestsLaunchTests.swift; sourceTree = "<group>"; };
/* End PBXFileReference section */

/* Begin PBXFrameworksBuildPhase section */
		DCFC6FCA28A43CFF00359379 /* Frameworks */ = {
			isa = PBXFrameworksBuildPhase;
			buildActionMask = 2147483647;
			files = (
			);
			runOnlyForDeploymentPostprocessing = 0;
		};
		DCFC6FDA28A43D0000359379 /* Frameworks */ = {
			isa = PBXFrameworksBuildPhase;
			buildActionMask = 2147483647;
			files = (
			);
			runOnlyForDeploymentPostprocessing = 0;
		};
		DCFC6FE428A43D0100359379 /* Frameworks */ = {
			isa = PBXFrameworksBuildPhase;
			buildActionMask = 2147483647;
			files = (
			);
			runOnlyForDeploymentPostprocessing = 0;
		};
/* End PBXFrameworksBuildPhase section */

/* Begin PBXGroup section */
		DCFC6FC428A43CFF00359379 = {
			isa = PBXGroup;
			children = (
				DCFC6FCF28A43CFF00359379 /* Lesson 4 */,
				DCFC6FE028A43D0000359379 /* Lesson 4Tests */,
				DCFC6FEA28A43D0100359379 /* Lesson 4UITests */,
				DCFC6FCE28A43CFF00359379 /* Products */,
			);
			sourceTree = "<group>";
		};
		DCFC6FCE28A43CFF00359379 /* Products */ = {
			isa = PBXGroup;
			children = (
				DCFC6FCD28A43CFF00359379 /* Lesson 4.app */,
				DCFC6FDD28A43D0000359379 /* Lesson 4Tests.xctest */,
				DCFC6FE728A43D0100359379 /* Lesson 4UITests.xctest */,
			);
			name = Products;
			sourceTree = "<group>";
		};
		DCFC6FCF28A43CFF00359379 /* Lesson 4 */ = {
			isa = PBXGroup;
			children = (
				DCFC6FD028A43CFF00359379 /* Lesson_4App.swift */,
				DCFC6FD228A43CFF00359379 /* ContentView.swift */,
				DCFC6FD428A43D0000359379 /* Assets.xcassets */,
				DCFC6FD628A43D0000359379 /* Preview Content */,
				DC8A047C28A5AEF000D3BB03 /* Challange.swift */,
			);
			path = "Lesson 4";
			sourceTree = "<group>";
		};
		DCFC6FD628A43D0000359379 /* Preview Content */ = {
			isa = PBXGroup;
			children = (
				DCFC6FD728A43D0000359379 /* Preview Assets.xcassets */,
			);
			path = "Preview Content";
			sourceTree = "<group>";
		};
		DCFC6FE028A43D0000359379 /* Lesson 4Tests */ = {
			isa = PBXGroup;
			children = (
				DCFC6FE128A43D0000359379 /* Lesson_4Tests.swift */,
			);
			path = "Lesson 4Tests";
			sourceTree = "<group>";
		};
		DCFC6FEA28A43D0100359379 /* Lesson 4UITests */ = {
			isa = PBXGroup;
			children = (
				DCFC6FEB28A43D0100359379 /* Lesson_4UITests.swift */,
				DCFC6FED28A43D0100359379 /* Lesson_4UITestsLaunchTests.swift */,
			);
			path = "Lesson 4UITests";
			sourceTree = "<group>";
		};
/* End PBXGroup section */

/* Begin PBXNativeTarget section */
		DCFC6FCC28A43CFF00359379 /* Lesson 4 */ = {
			isa = PBXNativeTarget;
			buildConfigurationList = DCFC6FF128A43D0100359379 /* Build configuration list for PBXNativeTarget "Lesson 4" */;
			buildPhases = (
				DCFC6FC928A43CFF00359379 /* Sources */,
				DCFC6FCA28A43CFF00359379 /* Frameworks */,
				DCFC6FCB28A43CFF00359379 /* Resources */,
			);
			buildRules = (
			);
			dependencies = (
			);
			name = "Lesson 4";
			productName = "Lesson 4";
			productReference = DCFC6FCD28A43CFF00359379 /* Lesson 4.app */;
			productType = "com.apple.product-type.application";
		};
		DCFC6FDC28A43D0000359379 /* Lesson 4Tests */ = {
			isa = PBXNativeTarget;
			buildConfigurationList = DCFC6FF428A43D0100359379 /* Build configuration list for PBXNativeTarget "Lesson 4Tests" */;
			buildPhases = (
				DCFC6FD928A43D0000359379 /* Sources */,
				DCFC6FDA28A43D0000359379 /* Frameworks */,
				DCFC6FDB28A43D0000359379 /* Resources */,
			);
			buildRules = (
			);
			dependencies = (
				DCFC6FDF28A43D0000359379 /* PBXTargetDependency */,
			);
			name = "Lesson 4Tests";
			productName = "Lesson 4Tests";
			productReference = DCFC6FDD28A43D0000359379 /* Lesson 4Tests.xctest */;
			productType = "com.apple.product-type.bundle.unit-test";
		};
		DCFC6FE628A43D0100359379 /* Lesson 4UITests */ = {
			isa = PBXNativeTarget;
			buildConfigurationList = DCFC6FF728A43D0100359379 /* Build configuration list for PBXNativeTarget "Lesson 4UITests" */;
			buildPhases = (
				DCFC6FE328A43D0100359379 /* Sources */,
				DCFC6FE428A43D0100359379 /* Frameworks */,
				DCFC6FE528A43D0100359379 /* Resources */,
			);
			buildRules = (
			);
			dependencies = (
				DCFC6FE928A43D0100359379 /* PBXTargetDependency */,
			);
			name = "Lesson 4UITests";
			productName = "Lesson 4UITests";
			productReference = DCFC6FE728A43D0100359379 /* Lesson 4UITests.xctest */;
			productType = "com.apple.product-type.bundle.ui-testing";
		};
/* End PBXNativeTarget section */

/* Begin PBXProject section */
		DCFC6FC528A43CFF00359379 /* Project object */ = {
			isa = PBXProject;
			attributes = {
				BuildIndependentTargetsInParallel = 1;
				LastSwiftUpdateCheck = 1330;
				LastUpgradeCheck = 1330;
				TargetAttributes = {
					DCFC6FCC28A43CFF00359379 = {
						CreatedOnToolsVersion = 13.3;
					};
					DCFC6FDC28A43D0000359379 = {
						CreatedOnToolsVersion = 13.3;
						TestTargetID = DCFC6FCC28A43CFF00359379;
					};
					DCFC6FE628A43D0100359379 = {
						CreatedOnToolsVersion = 13.3;
						TestTargetID = DCFC6FCC28A43CFF00359379;
					};
				};
			};
			buildConfigurationList = DCFC6FC828A43CFF00359379 /* Build configuration list for PBXProject "Lesson 4" */;
			compatibilityVersion = "Xcode 13.0";
			developmentRegion = en;
			hasScannedForEncodings = 0;
			knownRegions = (
				en,
				Base,
			);
			mainGroup = DCFC6FC428A43CFF00359379;
			productRefGroup = DCFC6FCE28A43CFF00359379 /* Products */;
			projectDirPath = "";
			projectRoot = "";
			targets = (
				DCFC6FCC28A43CFF00359379 /* Lesson 4 */,
				DCFC6FDC28A43D0000359379 /* Lesson 4Tests */,
				DCFC6FE628A43D0100359379 /* Lesson 4UITests */,
			);
		};
/* End PBXProject section */

/* Begin PBXResourcesBuildPhase section */
		DCFC6FCB28A43CFF00359379 /* Resources */ = {
			isa = PBXResourcesBuildPhase;
			buildActionMask = 2147483647;
			files = (
				DCFC6FD828A43D0000359379 /* Preview Assets.xcassets in Resources */,
				DCFC6FD528A43D0000359379 /* Assets.xcassets in Resources */,
			);
			runOnlyForDeploymentPostprocessing = 0;
		};
		DCFC6FDB28A43D0000359379 /* Resources */ = {
			isa = PBXResourcesBuildPhase;
			buildActionMask = 2147483647;
			files = (
			);
			runOnlyForDeploymentPostprocessing = 0;
		};
		DCFC6FE528A43D0100359379 /* Resources */ = {
			isa = PBXResourcesBuildPhase;
			buildActionMask = 2147483647;
			files = (
			);
			runOnlyForDeploymentPostprocessing = 0;
		};
/* End PBXResourcesBuildPhase section */

/* Begin PBXSourcesBuildPhase section */
		DCFC6FC928A43CFF00359379 /* Sources */ = {
			isa = PBXSourcesBuildPhase;
			buildActionMask = 2147483647;
			files = (
				DCFC6FD328A43CFF00359379 /* ContentView.swift in Sources */,
				DC8A047D28A5AEF000D3BB03 /* Challange.swift in Sources */,
				DCFC6FD128A43CFF00359379 /* Lesson_4App.swift in Sources */,
			);
			runOnlyForDeploymentPostprocessing = 0;
		};
		DCFC6FD928A43D0000359379 /* Sources */ = {
			isa = PBXSourcesBuildPhase;
			buildActionMask = 2147483647;
			files = (
				DCFC6FE228A43D0000359379 /* Lesson_4Tests.swift in Sources */,
			);
			runOnlyForDeploymentPostprocessing = 0;
		};
		DCFC6FE328A43D0100359379 /* Sources */ = {
			isa = PBXSourcesBuildPhase;
			buildActionMask = 2147483647;
			files = (
				DCFC6FEE28A43D0100359379 /* Lesson_4UITestsLaunchTests.swift in Sources */,
				DCFC6FEC28A43D0100359379 /* Lesson_4UITests.swift in Sources */,
			);
			runOnlyForDeploymentPostprocessing = 0;
		};
/* End PBXSourcesBuildPhase section */

/* Begin PBXTargetDependency section */
		DCFC6FDF28A43D0000359379 /* PBXTargetDependency */ = {
			isa = PBXTargetDependency;
			target = DCFC6FCC28A43CFF00359379 /* Lesson 4 */;
			targetProxy = DCFC6FDE28A43D0000359379 /* PBXContainerItemProxy */;
		};
		DCFC6FE928A43D0100359379 /* PBXTargetDependency */ = {
			isa = PBXTargetDependency;
			target = DCFC6FCC28A43CFF00359379 /* Lesson 4 */;
			targetProxy = DCFC6FE828A43D0100359379 /* PBXContainerItemProxy */;
		};
/* End PBXTargetDependency section */

/* Begin XCBuildConfiguration section */
		DCFC6FEF28A43D0100359379 /* Debug */ = {
			isa = XCBuildConfiguration;
			buildSettings = {
				ALWAYS_SEARCH_USER_PATHS = NO;
				CLANG_ANALYZER_NONNULL = YES;
				CLANG_ANALYZER_NUMBER_OBJECT_CONVERSION = YES_AGGRESSIVE;
				CLANG_CXX_LANGUAGE_STANDARD = "gnu++17";
				CLANG_ENABLE_MODULES = YES;
				CLANG_ENABLE_OBJC_ARC = YES;
				CLANG_ENABLE_OBJC_WEAK = YES;
				CLANG_WARN_BLOCK_CAPTURE_AUTORELEASING = YES;
				CLANG_WARN_BOOL_CONVERSION = YES;
				CLANG_WARN_COMMA = YES;
				CLANG_WARN_CONSTANT_CONVERSION = YES;
				CLANG_WARN_DEPRECATED_OBJC_IMPLEMENTATIONS = YES;
				CLANG_WARN_DIRECT_OBJC_ISA_USAGE = YES_ERROR;
				CLANG_WARN_DOCUMENTATION_COMMENTS = YES;
				CLANG_WARN_EMPTY_BODY = YES;
				CLANG_WARN_ENUM_CONVERSION = YES;
				CLANG_WARN_INFINITE_RECURSION = YES;
				CLANG_WARN_INT_CONVERSION = YES;
				CLANG_WARN_NON_LITERAL_NULL_CONVERSION = YES;
				CLANG_WARN_OBJC_IMPLICIT_RETAIN_SELF = YES;
				CLANG_WARN_OBJC_LITERAL_CONVERSION = YES;
				CLANG_WARN_OBJC_ROOT_CLASS = YES_ERROR;
				CLANG_WARN_QUOTED_INCLUDE_IN_FRAMEWORK_HEADER = YES;
				CLANG_WARN_RANGE_LOOP_ANALYSIS = YES;
				CLANG_WARN_STRICT_PROTOTYPES = YES;
				CLANG_WARN_SUSPICIOUS_MOVE = YES;
				CLANG_WARN_UNGUARDED_AVAILABILITY = YES_AGGRESSIVE;
				CLANG_WARN_UNREACHABLE_CODE = YES;
				CLANG_WARN__DUPLICATE_METHOD_MATCH = YES;
				COPY_PHASE_STRIP = NO;
				DEBUG_INFORMATION_FORMAT = dwarf;
				ENABLE_STRICT_OBJC_MSGSEND = YES;
				ENABLE_TESTABILITY = YES;
				GCC_C_LANGUAGE_STANDARD = gnu11;
				GCC_DYNAMIC_NO_PIC = NO;
				GCC_NO_COMMON_BLOCKS = YES;
				GCC_OPTIMIZATION_LEVEL = 0;
				GCC_PREPROCESSOR_DEFINITIONS = (
					"DEBUG=1",
					"$(inherited)",
				);
				GCC_WARN_64_TO_32_BIT_CONVERSION = YES;
				GCC_WARN_ABOUT_RETURN_TYPE = YES_ERROR;
				GCC_WARN_UNDECLARED_SELECTOR = YES;
				GCC_WARN_UNINITIALIZED_AUTOS = YES_AGGRESSIVE;
				GCC_WARN_UNUSED_FUNCTION = YES;
				GCC_WARN_UNUSED_VARIABLE = YES;
				IPHONEOS_DEPLOYMENT_TARGET = 15.4;
				MTL_ENABLE_DEBUG_INFO = INCLUDE_SOURCE;
				MTL_FAST_MATH = YES;
				ONLY_ACTIVE_ARCH = YES;
				SDKROOT = iphoneos;
				SWIFT_ACTIVE_COMPILATION_CONDITIONS = DEBUG;
				SWIFT_OPTIMIZATION_LEVEL = "-Onone";
			};
			name = Debug;
		};
		DCFC6FF028A43D0100359379 /* Release */ = {
			isa = XCBuildConfiguration;
			buildSettings = {
				ALWAYS_SEARCH_USER_PATHS = NO;
				CLANG_ANALYZER_NONNULL = YES;
				CLANG_ANALYZER_NUMBER_OBJECT_CONVERSION = YES_AGGRESSIVE;
				CLANG_CXX_LANGUAGE_STANDARD = "gnu++17";
				CLANG_ENABLE_MODULES = YES;
				CLANG_ENABLE_OBJC_ARC = YES;
				CLANG_ENABLE_OBJC_WEAK = YES;
				CLANG_WARN_BLOCK_CAPTURE_AUTORELEASING = YES;
				CLANG_WARN_BOOL_CONVERSION = YES;
				CLANG_WARN_COMMA = YES;
				CLANG_WARN_CONSTANT_CONVERSION = YES;
				CLANG_WARN_DEPRECATED_OBJC_IMPLEMENTATIONS = YES;
				CLANG_WARN_DIRECT_OBJC_ISA_USAGE = YES_ERROR;
				CLANG_WARN_DOCUMENTATION_COMMENTS = YES;
				CLANG_WARN_EMPTY_BODY = YES;
				CLANG_WARN_ENUM_CONVERSION = YES;
				CLANG_WARN_INFINITE_RECURSION = YES;
				CLANG_WARN_INT_CONVERSION = YES;
				CLANG_WARN_NON_LITERAL_NULL_CONVERSION = YES;
				CLANG_WARN_OBJC_IMPLICIT_RETAIN_SELF = YES;
				CLANG_WARN_OBJC_LITERAL_CONVERSION = YES;
				CLANG_WARN_OBJC_ROOT_CLASS = YES_ERROR;
				CLANG_WARN_QUOTED_INCLUDE_IN_FRAMEWORK_HEADER = YES;
				CLANG_WARN_RANGE_LOOP_ANALYSIS = YES;
				CLANG_WARN_STRICT_PROTOTYPES = YES;
				CLANG_WARN_SUSPICIOUS_MOVE = YES;
				CLANG_WARN_UNGUARDED_AVAILABILITY = YES_AGGRESSIVE;
				CLANG_WARN_UNREACHABLE_CODE = YES;
				CLANG_WARN__DUPLICATE_METHOD_MATCH = YES;
				COPY_PHASE_STRIP = NO;
				DEBUG_INFORMATION_FORMAT = "dwarf-with-dsym";
				ENABLE_NS_ASSERTIONS = NO;
				ENABLE_STRICT_OBJC_MSGSEND = YES;
				GCC_C_LANGUAGE_STANDARD = gnu11;
				GCC_NO_COMMON_BLOCKS = YES;
				GCC_WARN_64_TO_32_BIT_CONVERSION = YES;
				GCC_WARN_ABOUT_RETURN_TYPE = YES_ERROR;
				GCC_WARN_UNDECLARED_SELECTOR = YES;
				GCC_WARN_UNINITIALIZED_AUTOS = YES_AGGRESSIVE;
				GCC_WARN_UNUSED_FUNCTION = YES;
				GCC_WARN_UNUSED_VARIABLE = YES;
				IPHONEOS_DEPLOYMENT_TARGET = 15.4;
				MTL_ENABLE_DEBUG_INFO = NO;
				MTL_FAST_MATH = YES;
				SDKROOT = iphoneos;
				SWIFT_COMPILATION_MODE = wholemodule;
				SWIFT_OPTIMIZATION_LEVEL = "-O";
				VALIDATE_PRODUCT = YES;
			};
			name = Release;
		};
		DCFC6FF228A43D0100359379 /* Debug */ = {
			isa = XCBuildConfiguration;
			buildSettings = {
				ASSETCATALOG_COMPILER_APPICON_NAME = AppIcon;
				ASSETCATALOG_COMPILER_GLOBAL_ACCENT_COLOR_NAME = AccentColor;
				CODE_SIGN_STYLE = Automatic;
				CURRENT_PROJECT_VERSION = 1;
				DEVELOPMENT_ASSET_PATHS = "\"Lesson 4/Preview Content\"";
				DEVELOPMENT_TEAM = P7J2MR79T5;
				ENABLE_PREVIEWS = YES;
				GENERATE_INFOPLIST_FILE = YES;
				INFOPLIST_KEY_UIApplicationSceneManifest_Generation = YES;
				INFOPLIST_KEY_UIApplicationSupportsIndirectInputEvents = YES;
				INFOPLIST_KEY_UILaunchScreen_Generation = YES;
				INFOPLIST_KEY_UISupportedInterfaceOrientations_iPad = "UIInterfaceOrientationPortrait UIInterfaceOrientationPortraitUpsideDown UIInterfaceOrientationLandscapeLeft UIInterfaceOrientationLandscapeRight";
				INFOPLIST_KEY_UISupportedInterfaceOrientations_iPhone = "UIInterfaceOrientationPortrait UIInterfaceOrientationLandscapeLeft UIInterfaceOrientationLandscapeRight";
				LD_RUNPATH_SEARCH_PATHS = (
					"$(inherited)",
					"@executable_path/Frameworks",
				);
				MARKETING_VERSION = 1.0;
				PRODUCT_BUNDLE_IDENTIFIER = "com.JefferySurratt.Lesson-4";
				PRODUCT_NAME = "$(TARGET_NAME)";
				SWIFT_EMIT_LOC_STRINGS = YES;
				SWIFT_VERSION = 5.0;
				TARGETED_DEVICE_FAMILY = "1,2";
			};
			name = Debug;
		};
		DCFC6FF328A43D0100359379 /* Release */ = {
			isa = XCBuildConfiguration;
			buildSettings = {
				ASSETCATALOG_COMPILER_APPICON_NAME = AppIcon;
				ASSETCATALOG_COMPILER_GLOBAL_ACCENT_COLOR_NAME = AccentColor;
				CODE_SIGN_STYLE = Automatic;
				CURRENT_PROJECT_VERSION = 1;
				DEVELOPMENT_ASSET_PATHS = "\"Lesson 4/Preview Content\"";
				DEVELOPMENT_TEAM = P7J2MR79T5;
				ENABLE_PREVIEWS = YES;
				GENERATE_INFOPLIST_FILE = YES;
				INFOPLIST_KEY_UIApplicationSceneManifest_Generation = YES;
				INFOPLIST_KEY_UIApplicationSupportsIndirectInputEvents = YES;
				INFOPLIST_KEY_UILaunchScreen_Generation = YES;
				INFOPLIST_KEY_UISupportedInterfaceOrientations_iPad = "UIInterfaceOrientationPortrait UIInterfaceOrientationPortraitUpsideDown UIInterfaceOrientationLandscapeLeft UIInterfaceOrientationLandscapeRight";
				INFOPLIST_KEY_UISupportedInterfaceOrientations_iPhone = "UIInterfaceOrientationPortrait UIInterfaceOrientationLandscapeLeft UIInterfaceOrientationLandscapeRight";
				LD_RUNPATH_SEARCH_PATHS = (
					"$(inherited)",
					"@executable_path/Frameworks",
				);
				MARKETING_VERSION = 1.0;
				PRODUCT_BUNDLE_IDENTIFIER = "com.JefferySurratt.Lesson-4";
				PRODUCT_NAME = "$(TARGET_NAME)";
				SWIFT_EMIT_LOC_STRINGS = YES;
				SWIFT_VERSION = 5.0;
				TARGETED_DEVICE_FAMILY = "1,2";
			};
			name = Release;
		};
		DCFC6FF528A43D0100359379 /* Debug */ = {
			isa = XCBuildConfiguration;
			buildSettings = {
				ALWAYS_EMBED_SWIFT_STANDARD_LIBRARIES = YES;
				BUNDLE_LOADER = "$(TEST_HOST)";
				CODE_SIGN_STYLE = Automatic;
				CURRENT_PROJECT_VERSION = 1;
				DEVELOPMENT_TEAM = P7J2MR79T5;
				GENERATE_INFOPLIST_FILE = YES;
				IPHONEOS_DEPLOYMENT_TARGET = 15.4;
				MARKETING_VERSION = 1.0;
				PRODUCT_BUNDLE_IDENTIFIER = "com.JefferySurratt.Lesson-4Tests";
				PRODUCT_NAME = "$(TARGET_NAME)";
				SWIFT_EMIT_LOC_STRINGS = NO;
				SWIFT_VERSION = 5.0;
				TARGETED_DEVICE_FAMILY = "1,2";
				TEST_HOST = "$(BUILT_PRODUCTS_DIR)/Lesson 4.app/Lesson 4";
			};
			name = Debug;
		};
		DCFC6FF628A43D0100359379 /* Release */ = {
			isa = XCBuildConfiguration;
			buildSettings = {
				ALWAYS_EMBED_SWIFT_STANDARD_LIBRARIES = YES;
				BUNDLE_LOADER = "$(TEST_HOST)";
				CODE_SIGN_STYLE = Automatic;
				CURRENT_PROJECT_VERSION = 1;
				DEVELOPMENT_TEAM = P7J2MR79T5;
				GENERATE_INFOPLIST_FILE = YES;
				IPHONEOS_DEPLOYMENT_TARGET = 15.4;
				MARKETING_VERSION = 1.0;
				PRODUCT_BUNDLE_IDENTIFIER = "com.JefferySurratt.Lesson-4Tests";
				PRODUCT_NAME = "$(TARGET_NAME)";
				SWIFT_EMIT_LOC_STRINGS = NO;
				SWIFT_VERSION = 5.0;
				TARGETED_DEVICE_FAMILY = "1,2";
				TEST_HOST = "$(BUILT_PRODUCTS_DIR)/Lesson 4.app/Lesson 4";
			};
			name = Release;
		};
		DCFC6FF828A43D0100359379 /* Debug */ = {
			isa = XCBuildConfiguration;
			buildSettings = {
				ALWAYS_EMBED_SWIFT_STANDARD_LIBRARIES = YES;
				CODE_SIGN_STYLE = Automatic;
				CURRENT_PROJECT_VERSION = 1;
				DEVELOPMENT_TEAM = P7J2MR79T5;
				GENERATE_INFOPLIST_FILE = YES;
				MARKETING_VERSION = 1.0;
				PRODUCT_BUNDLE_IDENTIFIER = "com.JefferySurratt.Lesson-4UITests";
				PRODUCT_NAME = "$(TARGET_NAME)";
				SWIFT_EMIT_LOC_STRINGS = NO;
				SWIFT_VERSION = 5.0;
				TARGETED_DEVICE_FAMILY = "1,2";
				TEST_TARGET_NAME = "Lesson 4";
			};
			name = Debug;
		};
		DCFC6FF928A43D0100359379 /* Release */ = {
			isa = XCBuildConfiguration;
			buildSettings = {
				ALWAYS_EMBED_SWIFT_STANDARD_LIBRARIES = YES;
				CODE_SIGN_STYLE = Automatic;
				CURRENT_PROJECT_VERSION = 1;
				DEVELOPMENT_TEAM = P7J2MR79T5;
				GENERATE_INFOPLIST_FILE = YES;
				MARKETING_VERSION = 1.0;
				PRODUCT_BUNDLE_IDENTIFIER = "com.JefferySurratt.Lesson-4UITests";
				PRODUCT_NAME = "$(TARGET_NAME)";
				SWIFT_EMIT_LOC_STRINGS = NO;
				SWIFT_VERSION = 5.0;
				TARGETED_DEVICE_FAMILY = "1,2";
				TEST_TARGET_NAME = "Lesson 4";
			};
			name = Release;
		};
/* End XCBuildConfiguration section */

/* Begin XCConfigurationList section */
		DCFC6FC828A43CFF00359379 /* Build configuration list for PBXProject "Lesson 4" */ = {
			isa = XCConfigurationList;
			buildConfigurations = (
				DCFC6FEF28A43D0100359379 /* Debug */,
				DCFC6FF028A43D0100359379 /* Release */,
			);
			defaultConfigurationIsVisible = 0;
			defaultConfigurationName = Release;
		};
		DCFC6FF128A43D0100359379 /* Build configuration list for PBXNativeTarget "Lesson 4" */ = {
			isa = XCConfigurationList;
			buildConfigurations = (
				DCFC6FF228A43D0100359379 /* Debug */,
				DCFC6FF328A43D0100359379 /* Release */,
			);
			defaultConfigurationIsVisible = 0;
			defaultConfigurationName = Release;
		};
		DCFC6FF428A43D0100359379 /* Build configuration list for PBXNativeTarget "Lesson 4Tests" */ = {
			isa = XCConfigurationList;
			buildConfigurations = (
				DCFC6FF528A43D0100359379 /* Debug */,
				DCFC6FF628A43D0100359379 /* Release */,
			);
			defaultConfigurationIsVisible = 0;
			defaultConfigurationName = Release;
		};
		DCFC6FF728A43D0100359379 /* Build configuration list for PBXNativeTarget "Lesson 4UITests" */ = {
			isa = XCConfigurationList;
			buildConfigurations = (
				DCFC6FF828A43D0100359379 /* Debug */,
				DCFC6FF928A43D0100359379 /* Release */,
			);
			defaultConfigurationIsVisible = 0;
			defaultConfigurationName = Release;
		};
/* End XCConfigurationList section */
	};
	rootObject = DCFC6FC528A43CFF00359379 /* Project object */;
}
